
Microsoft Visual Studio Solution File, Format Version 12.00
# Visual Studio Version 17
VisualStudioVersion = 17.4.33213.308
MinimumVisualStudioVersion = 10.0.40219.1
Project("{FAE04EC0-301F-11D3-BF4B-00C04F79EFBC}") = "OrderFlow", "OrderFlow\OrderFlow.csproj", "{19F40EB8-8726-425B-93B6-F4EC77DF012D}"
EndProject
Global
	GlobalSection(SolutionConfigurationPlatforms) = preSolution
		Debug|Any CPU = Debug|Any CPU
		Release|Any CPU = Release|Any CPU
	EndGlobalSection
	GlobalSection(ProjectConfigurationPlatforms) = postSolution
		{19F40EB8-8726-425B-93B6-F4EC77DF012D}.Debug|Any CPU.ActiveCfg = Debug|Any CPU
		{19F40EB8-8726-425B-93B6-F4EC77DF012D}.Debug|Any CPU.Build.0 = Debug|Any CPU
		{19F40EB8-8726-425B-93B6-F4EC77DF012D}.Release|Any CPU.ActiveCfg = Release|Any CPU
		{19F40EB8-8726-425B-93B6-F4EC77DF012D}.Release|Any CPU.Build.0 = Release|Any CPU
	EndGlobalSection
	GlobalSection(SolutionProperties) = preSolution
		HideSolutionNode = FALSE
	EndGlobalSection
	GlobalSection(ExtensibilityGlobals) = postSolution
		SolutionGuid = {1CD041B5-124C-4656-A439-55F64497A143}
	EndGlobalSection
EndGlobal
